{
  "name": "FEM-web-dev",
  "version": "1.0.0",
  "lockfileVersion": 1,
  "requires": true,
  "dependencies": {
    "@popmotion/easing": {
      "version": "1.0.2",
      "resolved": "https://registry.npmjs.org/@popmotion/easing/-/easing-1.0.2.tgz",
      "integrity": "sha512-IkdW0TNmRnWTeWI7aGQIVDbKXPWHVEYdGgd5ZR4SH/Ty/61p63jCjrPxX1XrR7IGkl08bjhJROStD7j+RKgoIw=="
    },
    "@popmotion/popcorn": {
      "version": "0.3.5",
      "resolved": "https://registry.npmjs.org/@popmotion/popcorn/-/popcorn-0.3.5.tgz",
      "integrity": "sha512-2TRfMzsZnVj1JjPS+A7VvUBbSgaNuXn8jWn5C6kPN4hvpDH7pgvj3/sea8xH4JncGe4YW6usg1uGH5xePLM5Tw==",
      "requires": {
        "@popmotion/easing": "^1.0.1",
        "framesync": "^4.0.1",
        "hey-listen": "^1.0.5",
        "style-value-types": "^3.1.0"
      }
    },
    "framesync": {
      "version": "4.0.2",
      "resolved": "https://registry.npmjs.org/framesync/-/framesync-4.0.2.tgz",
      "integrity": "sha512-hQLD5NURHmzB4Symo6JJ5HDw2TWwhr6T3gw9aChNMsZvkxcD8U8Gcz/hllAOOMGE+HO3ScpRPahpXDQRgF19JQ==",
      "requires": {
        "hey-listen": "^1.0.5"
      }
    },
    "hey-listen": {
      "version": "1.0.5",
      "resolved": "https://registry.npmjs.org/hey-listen/-/hey-listen-1.0.5.tgz",
      "integrity": "sha512-O2iCNxBBGb4hOxL9tUdnoPwDYmZhQ29t5xKV74BVZNdvwCDXCpVYTJ4yoaibc1V0I8Yw3K3nwmvDpoyjnCqUaw=="
    },
    "popmotion": {
      "version": "8.6.7",
      "resolved": "https://registry.npmjs.org/popmotion/-/popmotion-8.6.7.tgz",
      "integrity": "sha512-IyyAYSVQNukkXlJ5gpJf/2byGhqKa5iswMR3/vi1PFTSYOqvcV9C+tS8IReXw21InAd98wKgo5OZ9ZoPW2cNGw==",
      "requires": {
        "@popmotion/easing": "^1.0.1",
        "@popmotion/popcorn": "^0.3.5",
        "framesync": "^4.0.0",
        "hey-listen": "^1.0.5",
        "style-value-types": "^3.1.0",
        "stylefire": "2.4.3",
        "tslib": "^1.9.1"
      }
    },
    "style-value-types": {
      "version": "3.1.0",
      "resolved": "https://registry.npmjs.org/style-value-types/-/style-value-types-3.1.0.tgz",
      "integrity": "sha512-7eaMZ8RKWIQUKHPQK7qv3zLYmvZNb2pCmO4WguXdVFymd2Qj9xqSUoo7LQ8Wd8eiLuoSd+uqzsvcodyvD8nn6Q=="
    },
    "stylefire": {
      "version": "2.4.3",
      "resolved": "https://registry.npmjs.org/stylefire/-/stylefire-2.4.3.tgz",
      "integrity": "sha512-8rckFzuDlVWSyrkmnyTg8avadQavk2t6YkFKUUocsXoj/8NScOjb+/avbB4nrmoPtzD0kN7IyuhKq8jimIBTBQ==",
      "requires": {
        "framesync": "^4.0.0",
        "hey-listen": "^1.0.4",
        "style-value-types": "^3.0.6"
      }
    },
    "tslib": {
      "version": "1.9.3",
      "resolved": "https://registry.npmjs.org/tslib/-/tslib-1.9.3.tgz",
      "integrity": "sha512-4krF8scpejhaOgqzBEcGM7yDIEfi0/8+8zDRZhNZZ2kjmHJ4hv3zCbQWxoJGz1iw5U0Jl0nma13xzHXcncMavQ=="
    }
  }
}
